{
  "name": "aws-deploy",
  "version": "1.0.0",
  "lockfileVersion": 1,
  "requires": true,
  "dependencies": {
    "ask-sdk-core": {
      "version": "2.7.0",
      "resolved": "https://registry.npmjs.org/ask-sdk-core/-/ask-sdk-core-2.7.0.tgz",
      "integrity": "sha512-XEuoQOH8B+fQqdVRtEeLWtNL46yjKxwIpbXg042ZaCNYwwmJaVmbvmnR5p0UXgKjULqWm1QEXjYL5INQlfrK7w==",
      "requires": {
        "ask-sdk-runtime": "^2.7.0"
      }
    },
    "ask-sdk-dynamodb-persistence-adapter": {
      "version": "2.7.0",
      "resolved": "https://registry.npmjs.org/ask-sdk-dynamodb-persistence-adapter/-/ask-sdk-dynamodb-persistence-adapter-2.7.0.tgz",
      "integrity": "sha512-LbwdNLFaUXfy6Wt6Hs4wrZfeopbpZT90SuYT5oo+/g0m8JQNTVVH3Kn4R4K7PTwYFGdHuppvHC1bIu9emt5zZw==",
      "requires": {
        "aws-sdk": "^2.163.0"
      }
    },
    "ask-sdk-model": {
      "version": "1.23.1",
      "resolved": "https://registry.npmjs.org/ask-sdk-model/-/ask-sdk-model-1.23.1.tgz",
      "integrity": "sha512-XvrjsJ9NR1toKz/mZDC64aXqgrKgcjss7amV6GJHaVLyw03Q3gZFVgQcWlIu69hfKDBZtHgy1zWglrya6Iu8qg=="
    },
    "ask-sdk-runtime": {
      "version": "2.7.0",
      "resolved": "https://registry.npmjs.org/ask-sdk-runtime/-/ask-sdk-runtime-2.7.0.tgz",
      "integrity": "sha512-l2YxzibbTc8Ld5Rpy/Kg3oASiCGKHxgbZnKYrywZStlDPF5tEAGpRBhdtVd+yBSRikl/9fgcetb2wMewtoZF2g=="
    },
    "aws-sdk": {
      "version": "2.572.0",
      "resolved": "https://registry.npmjs.org/aws-sdk/-/aws-sdk-2.572.0.tgz",
      "integrity": "sha512-sE9SdbnJoQTr2+rLjLlHQTfSunayhi0FuI18MmrJVgbzBu54UZoHhD9MNTYhhZqU8/vBa25Ji99BWStIwuu5Vw==",
      "requires": {
        "buffer": "^4.9.1",
        "events": "^1.1.1",
        "ieee754": "^1.1.13",
        "jmespath": "^0.15.0",
        "querystring": "^0.2.0",
        "sax": "^1.2.1",
        "url": "^0.10.3",
        "uuid": "^3.3.2",
        "xml2js": "^0.4.19"
      }
    },
    "jenkins": {
      "version": "0.27.0",
      "resolved": "https://registry.npmjs.org/jenkins/-/jenkins-0.27.0.tgz",
      "integrity": "sha512-d8Ww7vNQEToBeeJ1QupgEsOKRQzJVylzc2KcSxObW41YD1maQid1JIvPHNhgQvrZfFmFytx9PiZAi/LCq5c2eA==",
      "requires": {
        "papi": "^0.29.0"
      }
    },
    "papi": {
      "version": "0.29.1",
      "resolved": "https://registry.npmjs.org/papi/-/papi-0.29.1.tgz",
      "integrity": "sha512-Y9ipSMfWuuVFO3zY9PlxOmEg+bQ7CeJ28sa9/a0veYNynLf9fwjR3+3fld5otEy7okUaEOUuCHVH62MyTmACXQ=="
    }
  }
}
  }
}
